
Microsoft Visual Studio Solution File, Format Version 12.00
# Visual Studio Version 16
VisualStudioVersion = 16.0.29613.14
MinimumVisualStudioVersion = 10.0.40219.1
Project("{9A19103F-16F7-4668-BE54-9A1E7A4F7556}") = "BHA.ManagementAssistant.Nutritious.WebApi", "BHA.ManagementAssistant.Nutritious\BHA.ManagementAssistant.Nutritious.WebApi.csproj", "{F6530B57-4564-4E3D-B839-26CD228621BD}"
EndProject
Project("{9A19103F-16F7-4668-BE54-9A1E7A4F7556}") = "BHA.ManagementAssistant.Nutritious.Core", "BHA.ManagementAssistant.Nutritious.Core\BHA.ManagementAssistant.Nutritious.Core.csproj", "{E6F18216-0189-469D-8A6C-3951957BC4C3}"
EndProject
Project("{9A19103F-16F7-4668-BE54-9A1E7A4F7556}") = "BHA.ManagementAssistant.Nutritious.Service", "BHA.ManagementAssistant.Nutritious.Service\BHA.ManagementAssistant.Nutritious.Service.csproj", "{82634220-43E6-4FA8-ADCB-45AC29F2B884}"
EndProject
Project("{9A19103F-16F7-4668-BE54-9A1E7A4F7556}") = "BHA.ManagementAssistant.Nutritious.Model", "BHA.ManagementAssistant.Nutritious.Model\BHA.ManagementAssistant.Nutritious.Model.csproj", "{A396BFCD-BE04-4CF7-84E1-7208FF5CD481}"
EndProject
Project("{9A19103F-16F7-4668-BE54-9A1E7A4F7556}") = "BHA.ManagementAssistant.Nutritious.Cache", "BHA.ManagementAssistant.Nutritious.Cache\BHA.ManagementAssistant.Nutritious.Cache.csproj", "{43313753-D4A4-4703-8856-0583F6933DD8}"
EndProject
Project("{9A19103F-16F7-4668-BE54-9A1E7A4F7556}") = "BHA.ManagementAssistant.Nutritious.Common", "BHA.ManagementAssistant.Nutritious.Common\BHA.ManagementAssistant.Nutritious.Common.csproj", "{7B0CA134-356D-4503-9C43-8E2A3A54FFB9}"
EndProject
Project("{FAE04EC0-301F-11D3-BF4B-00C04F79EFBC}") = "BHA.ManagementAssistant.Nutritious.Repository", "BHA.ManagementAssistant.Nutritious.Repository\BHA.ManagementAssistant.Nutritious.Repository.csproj", "{27802C43-74B9-447E-96D2-BABF1DC4C69B}"
EndProject
Global
	GlobalSection(SolutionConfigurationPlatforms) = preSolution
		Debug|Any CPU = Debug|Any CPU
		Release|Any CPU = Release|Any CPU
	EndGlobalSection
	GlobalSection(ProjectConfigurationPlatforms) = postSolution
		{F6530B57-4564-4E3D-B839-26CD228621BD}.Debug|Any CPU.ActiveCfg = Debug|Any CPU
		{F6530B57-4564-4E3D-B839-26CD228621BD}.Debug|Any CPU.Build.0 = Debug|Any CPU
		{F6530B57-4564-4E3D-B839-26CD228621BD}.Release|Any CPU.ActiveCfg = Release|Any CPU
		{F6530B57-4564-4E3D-B839-26CD228621BD}.Release|Any CPU.Build.0 = Release|Any CPU
		{E6F18216-0189-469D-8A6C-3951957BC4C3}.Debug|Any CPU.ActiveCfg = Debug|Any CPU
		{E6F18216-0189-469D-8A6C-3951957BC4C3}.Debug|Any CPU.Build.0 = Debug|Any CPU
		{E6F18216-0189-469D-8A6C-3951957BC4C3}.Release|Any CPU.ActiveCfg = Release|Any CPU
		{E6F18216-0189-469D-8A6C-3951957BC4C3}.Release|Any CPU.Build.0 = Release|Any CPU
		{82634220-43E6-4FA8-ADCB-45AC29F2B884}.Debug|Any CPU.ActiveCfg = Debug|Any CPU
		{82634220-43E6-4FA8-ADCB-45AC29F2B884}.Debug|Any CPU.Build.0 = Debug|Any CPU
		{82634220-43E6-4FA8-ADCB-45AC29F2B884}.Release|Any CPU.ActiveCfg = Release|Any CPU
		{82634220-43E6-4FA8-ADCB-45AC29F2B884}.Release|Any CPU.Build.0 = Release|Any CPU
		{A396BFCD-BE04-4CF7-84E1-7208FF5CD481}.Debug|Any CPU.ActiveCfg = Debug|Any CPU
		{A396BFCD-BE04-4CF7-84E1-7208FF5CD481}.Debug|Any CPU.Build.0 = Debug|Any CPU
		{A396BFCD-BE04-4CF7-84E1-7208FF5CD481}.Release|Any CPU.ActiveCfg = Release|Any CPU
		{A396BFCD-BE04-4CF7-84E1-7208FF5CD481}.Release|Any CPU.Build.0 = Release|Any CPU
		{43313753-D4A4-4703-8856-0583F6933DD8}.Debug|Any CPU.ActiveCfg = Debug|Any CPU
		{43313753-D4A4-4703-8856-0583F6933DD8}.Debug|Any CPU.Build.0 = Debug|Any CPU
		{43313753-D4A4-4703-8856-0583F6933DD8}.Release|Any CPU.ActiveCfg = Release|Any CPU
		{43313753-D4A4-4703-8856-0583F6933DD8}.Release|Any CPU.Build.0 = Release|Any CPU
		{7B0CA134-356D-4503-9C43-8E2A3A54FFB9}.Debug|Any CPU.ActiveCfg = Debug|Any CPU
		{7B0CA134-356D-4503-9C43-8E2A3A54FFB9}.Debug|Any CPU.Build.0 = Debug|Any CPU
		{7B0CA134-356D-4503-9C43-8E2A3A54FFB9}.Release|Any CPU.ActiveCfg = Release|Any CPU
		{7B0CA134-356D-4503-9C43-8E2A3A54FFB9}.Release|Any CPU.Build.0 = Release|Any CPU
		{27802C43-74B9-447E-96D2-BABF1DC4C69B}.Debug|Any CPU.ActiveCfg = Debug|Any CPU
		{27802C43-74B9-447E-96D2-BABF1DC4C69B}.Debug|Any CPU.Build.0 = Debug|Any CPU
		{27802C43-74B9-447E-96D2-BABF1DC4C69B}.Release|Any CPU.ActiveCfg = Release|Any CPU
		{27802C43-74B9-447E-96D2-BABF1DC4C69B}.Release|Any CPU.Build.0 = Release|Any CPU
	EndGlobalSection
	GlobalSection(SolutionProperties) = preSolution
		HideSolutionNode = FALSE
	EndGlobalSection
	GlobalSection(ExtensibilityGlobals) = postSolution
		SolutionGuid = {59BE8F8B-40E1-43AC-A701-530ADD13964A}
	EndGlobalSection
EndGlobal
